
Microsoft Visual Studio Solution File, Format Version 12.00
# Visual Studio Version 16
VisualStudioVersion = 16.0.31729.503
MinimumVisualStudioVersion = 10.0.40219.1
Project("{FAE04EC0-301F-11D3-BF4B-00C04F79EFBC}") = "myBlog", "myBlog.csproj", "{D7657451-7148-45DB-9E25-91D0568C57E9}"
EndProject
Global
	GlobalSection(SolutionConfigurationPlatforms) = preSolution
		Debug|Any CPU = Debug|Any CPU
		Release|Any CPU = Release|Any CPU
	EndGlobalSection
	GlobalSection(ProjectConfigurationPlatforms) = postSolution
		{D7657451-7148-45DB-9E25-91D0568C57E9}.Debug|Any CPU.ActiveCfg = Debug|Any CPU
		{D7657451-7148-45DB-9E25-91D0568C57E9}.Debug|Any CPU.Build.0 = Debug|Any CPU
		{D7657451-7148-45DB-9E25-91D0568C57E9}.Release|Any CPU.ActiveCfg = Release|Any CPU
		{D7657451-7148-45DB-9E25-91D0568C57E9}.Release|Any CPU.Build.0 = Release|Any CPU
	EndGlobalSection
	GlobalSection(SolutionProperties) = preSolution
		HideSolutionNode = FALSE
	EndGlobalSection
	GlobalSection(ExtensibilityGlobals) = postSolution
		SolutionGuid = {16739860-7B27-4702-96F3-97E52A8DE1B3}
	EndGlobalSection
EndGlobal
